{
  "pins" : [
    {
      "identity" : "gnuplot.swift",
      "kind" : "remoteSourceControl",
      "location" : "https://github.com/damuellen/Gnuplot.swift.git",
      "state" : {
        "revision" : "b215e9e92ed7b817262f20263fec25fdd921853a",
        "version" : "0.3.0"
      }
    },
    {
      "identity" : "graphviz",
      "kind" : "remoteSourceControl",
      "location" : "https://github.com/SwiftDocOrg/GraphViz",
      "state" : {
        "revision" : "74b6cbd8c5ecea9f64d84c4e1c88d65604dd033f",
        "version" : "0.4.1"
      }
    },
    {
      "identity" : "swift-argument-parser",
      "kind" : "remoteSourceControl",
      "location" : "https://github.com/apple/swift-argument-parser",
      "state" : {
        "revision" : "9f39744e025c7d377987f30b03770805dcb0bcd1",
        "version" : "1.1.4"
      }
    },
    {
      "identity" : "swift-log",
      "kind" : "remoteSourceControl",
      "location" : "https://github.com/apple/swift-log.git",
      "state" : {
        "revision" : "6fe203dc33195667ce1759bf0182975e4653ba1c",
        "version" : "1.4.4"
      }
    },
    {
      "identity" : "swift-numerics",
      "kind" : "remoteSourceControl",
      "location" : "https://github.com/apple/swift-numerics",
      "state" : {
        "revision" : "0a5bc04095a675662cf24757cc0640aa2204253b",
        "version" : "1.0.2"
      }
    }
  ],
  "version" : 2
}
